
Microsoft Visual Studio Solution File, Format Version 12.00
# Visual Studio 15
VisualStudioVersion = 15.0.28307.438
MinimumVisualStudioVersion = 10.0.40219.1
Project("{FAE04EC0-301F-11D3-BF4B-00C04F79EFBC}") = "async-await-parallel-console", "async-await-parallel-console\async-await-parallel-console.csproj", "{CEF4ACCE-45A4-4592-93D3-254E3D9F967D}"
EndProject
Global
	GlobalSection(SolutionConfigurationPlatforms) = preSolution
		Debug|Any CPU = Debug|Any CPU
		Release|Any CPU = Release|Any CPU
	EndGlobalSection
	GlobalSection(ProjectConfigurationPlatforms) = postSolution
		{CEF4ACCE-45A4-4592-93D3-254E3D9F967D}.Debug|Any CPU.ActiveCfg = Debug|Any CPU
		{CEF4ACCE-45A4-4592-93D3-254E3D9F967D}.Debug|Any CPU.Build.0 = Debug|Any CPU
		{CEF4ACCE-45A4-4592-93D3-254E3D9F967D}.Release|Any CPU.ActiveCfg = Release|Any CPU
		{CEF4ACCE-45A4-4592-93D3-254E3D9F967D}.Release|Any CPU.Build.0 = Release|Any CPU
	EndGlobalSection
	GlobalSection(SolutionProperties) = preSolution
		HideSolutionNode = FALSE
	EndGlobalSection
	GlobalSection(ExtensibilityGlobals) = postSolution
		SolutionGuid = {94724165-F483-4BE4-AE5B-9B001299DCD1}
	EndGlobalSection
EndGlobal
